
Microsoft Visual Studio Solution File, Format Version 12.00
# Visual Studio Version 17
VisualStudioVersion = 17.11.35219.272
MinimumVisualStudioVersion = 10.0.40219.1
Project("{FAE04EC0-301F-11D3-BF4B-00C04F79EFBC}") = "Calculator", "Calculator\Calculator.csproj", "{08A206EB-F053-49B7-A069-FF307DC02350}"
EndProject
Global
	GlobalSection(SolutionConfigurationPlatforms) = preSolution
		Debug|Any CPU = Debug|Any CPU
		Release|Any CPU = Release|Any CPU
	EndGlobalSection
	GlobalSection(ProjectConfigurationPlatforms) = postSolution
		{08A206EB-F053-49B7-A069-FF307DC02350}.Debug|Any CPU.ActiveCfg = Debug|Any CPU
		{08A206EB-F053-49B7-A069-FF307DC02350}.Debug|Any CPU.Build.0 = Debug|Any CPU
		{08A206EB-F053-49B7-A069-FF307DC02350}.Release|Any CPU.ActiveCfg = Release|Any CPU
		{08A206EB-F053-49B7-A069-FF307DC02350}.Release|Any CPU.Build.0 = Release|Any CPU
	EndGlobalSection
	GlobalSection(SolutionProperties) = preSolution
		HideSolutionNode = FALSE
	EndGlobalSection
	GlobalSection(ExtensibilityGlobals) = postSolution
		SolutionGuid = {5F3DB1E1-9B71-4C42-B170-4FD07166A37C}
	EndGlobalSection
EndGlobal
